
Microsoft Visual Studio Solution File, Format Version 12.00
# Visual Studio 14
VisualStudioVersion = 14.0.25420.1
MinimumVisualStudioVersion = 10.0.40219.1
Project("{FAE04EC0-301F-11D3-BF4B-00C04F79EFBC}") = "PSP_2_modelo", "PSP_2_modelo\PSP_2_modelo.csproj", "{EA656BA3-2A67-4E48-9E91-00B721FA94E9}"
EndProject
Project("{FAE04EC0-301F-11D3-BF4B-00C04F79EFBC}") = "PSP_2_gui", "PSP_2_gui\PSP_2_gui.csproj", "{5BCD76CC-CB1C-4A72-A7B2-FC5F6AAC7395}"
EndProject
Project("{FAE04EC0-301F-11D3-BF4B-00C04F79EFBC}") = "PSP_2_control", "PSP_2_control\PSP_2_control.csproj", "{4AE5AA3E-735E-4C7E-A872-C2A96C3711A6}"
EndProject
Global
	GlobalSection(SolutionConfigurationPlatforms) = preSolution
		Debug|Any CPU = Debug|Any CPU
		Release|Any CPU = Release|Any CPU
	EndGlobalSection
	GlobalSection(ProjectConfigurationPlatforms) = postSolution
		{EA656BA3-2A67-4E48-9E91-00B721FA94E9}.Debug|Any CPU.ActiveCfg = Debug|Any CPU
		{EA656BA3-2A67-4E48-9E91-00B721FA94E9}.Debug|Any CPU.Build.0 = Debug|Any CPU
		{EA656BA3-2A67-4E48-9E91-00B721FA94E9}.Release|Any CPU.ActiveCfg = Release|Any CPU
		{EA656BA3-2A67-4E48-9E91-00B721FA94E9}.Release|Any CPU.Build.0 = Release|Any CPU
		{5BCD76CC-CB1C-4A72-A7B2-FC5F6AAC7395}.Debug|Any CPU.ActiveCfg = Debug|Any CPU
		{5BCD76CC-CB1C-4A72-A7B2-FC5F6AAC7395}.Debug|Any CPU.Build.0 = Debug|Any CPU
		{5BCD76CC-CB1C-4A72-A7B2-FC5F6AAC7395}.Release|Any CPU.ActiveCfg = Release|Any CPU
		{5BCD76CC-CB1C-4A72-A7B2-FC5F6AAC7395}.Release|Any CPU.Build.0 = Release|Any CPU
		{4AE5AA3E-735E-4C7E-A872-C2A96C3711A6}.Debug|Any CPU.ActiveCfg = Debug|Any CPU
		{4AE5AA3E-735E-4C7E-A872-C2A96C3711A6}.Debug|Any CPU.Build.0 = Debug|Any CPU
		{4AE5AA3E-735E-4C7E-A872-C2A96C3711A6}.Release|Any CPU.ActiveCfg = Release|Any CPU
		{4AE5AA3E-735E-4C7E-A872-C2A96C3711A6}.Release|Any CPU.Build.0 = Release|Any CPU
	EndGlobalSection
	GlobalSection(SolutionProperties) = preSolution
		HideSolutionNode = FALSE
	EndGlobalSection
EndGlobal
